lockfileVersion: 5.4

specifiers:
  esbuild: 0.9.6
  esbuild-svelte: 0.7.3
  svelte: 3.55.1

dependencies:
  svelte: 3.55.1

devDependencies:
  esbuild: 0.9.6
  esbuild-svelte: 0.7.3_z7ewpqqflojv7wuavtrbh6s2cy

packages:

  /esbuild-svelte/0.7.3_z7ewpqqflojv7wuavtrbh6s2cy:
    resolution: {integrity: sha512-aq4PjZowV2LhW5U6KYKDkaHiAp9q/NquthbX1tddGRGYrlaBBGgDNis58jNU4wU6+iHsNWfLVsg8G3W6ccszdw==}
    engines: {node: '>=14'}
    peerDependencies:
      esbuild: '>=0.9.6'
      svelte: '>=3.43.0'
    dependencies:
      esbuild: 0.9.6
      svelte: 3.55.1
    dev: true

  /esbuild/0.9.6:
    resolution: {integrity: sha512-F6vASxU0wT/Davt9aj2qtDwDNSkQxh9VbyO56M7PDWD+D/Vgq/rmUDGDQo7te76W5auauVojjnQr/wTu3vpaUA==}
    hasBin: true
    requiresBuild: true
    dev: true

  /svelte/3.55.1:
    resolution: {integrity: sha512-S+87/P0Ve67HxKkEV23iCdAh/SX1xiSfjF1HOglno/YTbSTW7RniICMCofWGdJJbdjw3S+0PfFb1JtGfTXE0oQ==}
    engines: {node: '>= 8'}
