lockfileVersion: 5.4

specifiers:
  esbuild: 0.9.6
  esbuild-svelte: 0.7.3
  svelte: 3.43.0

devDependencies:
  esbuild: 0.9.6
  esbuild-svelte: 0.7.3_vnlszvektnx56bonnendc3c6mq
  svelte: 3.43.0

packages:

  /esbuild-svelte/0.7.3_vnlszvektnx56bonnendc3c6mq:
    resolution: {integrity: sha512-aq4PjZowV2LhW5U6KYKDkaHiAp9q/NquthbX1tddGRGYrlaBBGgDNis58jNU4wU6+iHsNWfLVsg8G3W6ccszdw==}
    engines: {node: '>=14'}
    peerDependencies:
      esbuild: '>=0.9.6'
      svelte: '>=3.43.0'
    dependencies:
      esbuild: 0.9.6
      svelte: 3.43.0
    dev: true

  /esbuild/0.9.6:
    resolution: {integrity: sha512-F6vASxU0wT/Davt9aj2qtDwDNSkQxh9VbyO56M7PDWD+D/Vgq/rmUDGDQo7te76W5auauVojjnQr/wTu3vpaUA==}
    hasBin: true
    requiresBuild: true
    dev: true

  /svelte/3.43.0:
    resolution: {integrity: sha512-T2pMPHrxXp+SM8pLLUXLQgkdo+JhTls7aqj9cD7z8wT2ccP+OrCAmtQS7h6pvMjitaZhXFNnCK582NxDpy8HSw==}
    engines: {node: '>= 8'}
    dev: true
